
Microsoft Visual Studio Solution File, Format Version 12.00
# Visual Studio Version 16
VisualStudioVersion = 16.0.29519.87
MinimumVisualStudioVersion = 10.0.40219.1
Project("{FAE04EC0-301F-11D3-BF4B-00C04F79EFBC}") = "dadoCSharp3", "dadoCSharp3.csproj", "{BC5384D3-1466-4F4F-A6B6-7E0ECEFBCDFD}"
EndProject
Global
	GlobalSection(SolutionConfigurationPlatforms) = preSolution
		Debug|Any CPU = Debug|Any CPU
		Release|Any CPU = Release|Any CPU
	EndGlobalSection
	GlobalSection(ProjectConfigurationPlatforms) = postSolution
		{BC5384D3-1466-4F4F-A6B6-7E0ECEFBCDFD}.Debug|Any CPU.ActiveCfg = Debug|Any CPU
		{BC5384D3-1466-4F4F-A6B6-7E0ECEFBCDFD}.Debug|Any CPU.Build.0 = Debug|Any CPU
		{BC5384D3-1466-4F4F-A6B6-7E0ECEFBCDFD}.Release|Any CPU.ActiveCfg = Release|Any CPU
		{BC5384D3-1466-4F4F-A6B6-7E0ECEFBCDFD}.Release|Any CPU.Build.0 = Release|Any CPU
	EndGlobalSection
	GlobalSection(SolutionProperties) = preSolution
		HideSolutionNode = FALSE
	EndGlobalSection
	GlobalSection(ExtensibilityGlobals) = postSolution
		SolutionGuid = {5788E5C9-806E-4E1B-8970-CEAC4FDF4CB6}
	EndGlobalSection
EndGlobal
